// !$*UTF8*$!
{
	archiveVersion = 1;
	classes = {
	};
	objectVersion = 56;
	objects = {

/* Begin PBXBuildFile section */
		04F434BF2B07B653002B3407 /* CardAssignmentApp.swift in Sources */ = {isa = PBXBuildFile; fileRef = 04F434BE2B07B653002B3407 /* CardAssignmentApp.swift */; };
		04F434C12B07B653002B3407 /* ContentView.swift in Sources */ = {isa = PBXBuildFile; fileRef = 04F434C02B07B653002B3407 /* ContentView.swift */; };
		04F434C32B07B655002B3407 /* Assets.xcassets in Resources */ = {isa = PBXBuildFile; fileRef = 04F434C22B07B655002B3407 /* Assets.xcassets */; };
		04F434C62B07B655002B3407 /* Preview Assets.xcassets in Resources */ = {isa = PBXBuildFile; fileRef = 04F434C52B07B655002B3407 /* Preview Assets.xcassets */; };
		04F434D02B07B656002B3407 /* CardAssignmentTests.swift in Sources */ = {isa = PBXBuildFile; fileRef = 04F434CF2B07B656002B3407 /* CardAssignmentTests.swift */; };
		04F434DA2B07B656002B3407 /* CardAssignmentUITests.swift in Sources */ = {isa = PBXBuildFile; fileRef = 04F434D92B07B656002B3407 /* CardAssignmentUITests.swift */; };
		04F434DC2B07B656002B3407 /* CardAssignmentUITestsLaunchTests.swift in Sources */ = {isa = PBXBuildFile; fileRef = 04F434DB2B07B656002B3407 /* CardAssignmentUITestsLaunchTests.swift */; };
		04F434E92B07B671002B3407 /* Card.swift in Sources */ = {isa = PBXBuildFile; fileRef = 04F434E82B07B671002B3407 /* Card.swift */; };
		04F434EB2B07B752002B3407 /* WOT-Scryfall.json in Resources */ = {isa = PBXBuildFile; fileRef = 04F434EA2B07B752002B3407 /* WOT-Scryfall.json */; };
/* End PBXBuildFile section */

/* Begin PBXContainerItemProxy section */
		04F434CC2B07B656002B3407 /* PBXContainerItemProxy */ = {
			isa = PBXContainerItemProxy;
			containerPortal = 04F434B32B07B653002B3407 /* Project object */;
			proxyType = 1;
			remoteGlobalIDString = 04F434BA2B07B653002B3407;
			remoteInfo = CardAssignment;
		};
		04F434D62B07B656002B3407 /* PBXContainerItemProxy */ = {
			isa = PBXContainerItemProxy;
			containerPortal = 04F434B32B07B653002B3407 /* Project object */;
			proxyType = 1;
			remoteGlobalIDString = 04F434BA2B07B653002B3407;
			remoteInfo = CardAssignment;
		};
/* End PBXContainerItemProxy section */

/* Begin PBXFileReference section */
		04F434BB2B07B653002B3407 /* CardAssignment.app */ = {isa = PBXFileReference; explicitFileType = wrapper.application; includeInIndex = 0; path = CardAssignment.app; sourceTree = BUILT_PRODUCTS_DIR; };
		04F434BE2B07B653002B3407 /* CardAssignmentApp.swift */ = {isa = PBXFileReference; lastKnownFileType = sourcecode.swift; path = CardAssignmentApp.swift; sourceTree = "<group>"; };
		04F434C02B07B653002B3407 /* ContentView.swift */ = {isa = PBXFileReference; lastKnownFileType = sourcecode.swift; path = ContentView.swift; sourceTree = "<group>"; };
		04F434C22B07B655002B3407 /* Assets.xcassets */ = {isa = PBXFileReference; lastKnownFileType = folder.assetcatalog; path = Assets.xcassets; sourceTree = "<group>"; };
		04F434C52B07B655002B3407 /* Preview Assets.xcassets */ = {isa = PBXFileReference; lastKnownFileType = folder.assetcatalog; path = "Preview Assets.xcassets"; sourceTree = "<group>"; };
		04F434CB2B07B656002B3407 /* CardAssignmentTests.xctest */ = {isa = PBXFileReference; explicitFileType = wrapper.cfbundle; includeInIndex = 0; path = CardAssignmentTests.xctest; sourceTree = BUILT_PRODUCTS_DIR; };
		04F434CF2B07B656002B3407 /* CardAssignmentTests.swift */ = {isa = PBXFileReference; lastKnownFileType = sourcecode.swift; path = CardAssignmentTests.swift; sourceTree = "<group>"; };
		04F434D52B07B656002B3407 /* CardAssignmentUITests.xctest */ = {isa = PBXFileReference; explicitFileType = wrapper.cfbundle; includeInIndex = 0; path = CardAssignmentUITests.xctest; sourceTree = BUILT_PRODUCTS_DIR; };
		04F434D92B07B656002B3407 /* CardAssignmentUITests.swift */ = {isa = PBXFileReference; lastKnownFileType = sourcecode.swift; path = CardAssignmentUITests.swift; sourceTree = "<group>"; };
		04F434DB2B07B656002B3407 /* CardAssignmentUITestsLaunchTests.swift */ = {isa = PBXFileReference; lastKnownFileType = sourcecode.swift; path = CardAssignmentUITestsLaunchTests.swift; sourceTree = "<group>"; };
		04F434E82B07B671002B3407 /* Card.swift */ = {isa = PBXFileReference; lastKnownFileType = sourcecode.swift; path = Card.swift; sourceTree = "<group>"; };
		04F434EA2B07B752002B3407 /* WOT-Scryfall.json */ = {isa = PBXFileReference; fileEncoding = 4; lastKnownFileType = text.json; path = "WOT-Scryfall.json"; sourceTree = "<group>"; };
/* End PBXFileReference section */

/* Begin PBXFrameworksBuildPhase section */
		04F434B82B07B653002B3407 /* Frameworks */ = {
			isa = PBXFrameworksBuildPhase;
			buildActionMask = 2147483647;
			files = (
			);
			runOnlyForDeploymentPostprocessing = 0;
		};
		04F434C82B07B656002B3407 /* Frameworks */ = {
			isa = PBXFrameworksBuildPhase;
			buildActionMask = 2147483647;
			files = (
			);
			runOnlyForDeploymentPostprocessing = 0;
		};
		04F434D22B07B656002B3407 /* Frameworks */ = {
			isa = PBXFrameworksBuildPhase;
			buildActionMask = 2147483647;
			files = (
			);
			runOnlyForDeploymentPostprocessing = 0;
		};
/* End PBXFrameworksBuildPhase section */

/* Begin PBXGroup section */
		04F434B22B07B653002B3407 = {
			isa = PBXGroup;
			children = (
				04F434BD2B07B653002B3407 /* CardAssignment */,
				04F434CE2B07B656002B3407 /* CardAssignmentTests */,
				04F434D82B07B656002B3407 /* CardAssignmentUITests */,
				04F434BC2B07B653002B3407 /* Products */,
			);
			sourceTree = "<group>";
		};
		04F434BC2B07B653002B3407 /* Products */ = {
			isa = PBXGroup;
			children = (
				04F434BB2B07B653002B3407 /* CardAssignment.app */,
				04F434CB2B07B656002B3407 /* CardAssignmentTests.xctest */,
				04F434D52B07B656002B3407 /* CardAssignmentUITests.xctest */,
			);
			name = Products;
			sourceTree = "<group>";
		};
		04F434BD2B07B653002B3407 /* CardAssignment */ = {
			isa = PBXGroup;
			children = (
				04F434EA2B07B752002B3407 /* WOT-Scryfall.json */,
				04F434BE2B07B653002B3407 /* CardAssignmentApp.swift */,
				04F434C02B07B653002B3407 /* ContentView.swift */,
				04F434C22B07B655002B3407 /* Assets.xcassets */,
				04F434C42B07B655002B3407 /* Preview Content */,
				04F434E82B07B671002B3407 /* Card.swift */,
			);
			path = CardAssignment;
			sourceTree = "<group>";
		};
		04F434C42B07B655002B3407 /* Preview Content */ = {
			isa = PBXGroup;
			children = (
				04F434C52B07B655002B3407 /* Preview Assets.xcassets */,
			);
			path = "Preview Content";
			sourceTree = "<group>";
		};
		04F434CE2B07B656002B3407 /* CardAssignmentTests */ = {
			isa = PBXGroup;
			children = (
				04F434CF2B07B656002B3407 /* CardAssignmentTests.swift */,
			);
			path = CardAssignmentTests;
			sourceTree = "<group>";
		};
		04F434D82B07B656002B3407 /* CardAssignmentUITests */ = {
			isa = PBXGroup;
			children = (
				04F434D92B07B656002B3407 /* CardAssignmentUITests.swift */,
				04F434DB2B07B656002B3407 /* CardAssignmentUITestsLaunchTests.swift */,
			);
			path = CardAssignmentUITests;
			sourceTree = "<group>";
		};
/* End PBXGroup section */

/* Begin PBXNativeTarget section */
		04F434BA2B07B653002B3407 /* CardAssignment */ = {
			isa = PBXNativeTarget;
			buildConfigurationList = 04F434DF2B07B656002B3407 /* Build configuration list for PBXNativeTarget "CardAssignment" */;
			buildPhases = (
				04F434B72B07B653002B3407 /* Sources */,
				04F434B82B07B653002B3407 /* Frameworks */,
				04F434B92B07B653002B3407 /* Resources */,
			);
			buildRules = (
			);
			dependencies = (
			);
			name = CardAssignment;
			productName = CardAssignment;
			productReference = 04F434BB2B07B653002B3407 /* CardAssignment.app */;
			productType = "com.apple.product-type.application";
		};
		04F434CA2B07B656002B3407 /* CardAssignmentTests */ = {
			isa = PBXNativeTarget;
			buildConfigurationList = 04F434E22B07B656002B3407 /* Build configuration list for PBXNativeTarget "CardAssignmentTests" */;
			buildPhases = (
				04F434C72B07B656002B3407 /* Sources */,
				04F434C82B07B656002B3407 /* Frameworks */,
				04F434C92B07B656002B3407 /* Resources */,
			);
			buildRules = (
			);
			dependencies = (
				04F434CD2B07B656002B3407 /* PBXTargetDependency */,
			);
			name = CardAssignmentTests;
			productName = CardAssignmentTests;
			productReference = 04F434CB2B07B656002B3407 /* CardAssignmentTests.xctest */;
			productType = "com.apple.product-type.bundle.unit-test";
		};
		04F434D42B07B656002B3407 /* CardAssignmentUITests */ = {
			isa = PBXNativeTarget;
			buildConfigurationList = 04F434E52B07B656002B3407 /* Build configuration list for PBXNativeTarget "CardAssignmentUITests" */;
			buildPhases = (
				04F434D12B07B656002B3407 /* Sources */,
				04F434D22B07B656002B3407 /* Frameworks */,
				04F434D32B07B656002B3407 /* Resources */,
			);
			buildRules = (
			);
			dependencies = (
				04F434D72B07B656002B3407 /* PBXTargetDependency */,
			);
			name = CardAssignmentUITests;
			productName = CardAssignmentUITests;
			productReference = 04F434D52B07B656002B3407 /* CardAssignmentUITests.xctest */;
			productType = "com.apple.product-type.bundle.ui-testing";
		};
/* End PBXNativeTarget section */

/* Begin PBXProject section */
		04F434B32B07B653002B3407 /* Project object */ = {
			isa = PBXProject;
			attributes = {
				BuildIndependentTargetsInParallel = 1;
				LastSwiftUpdateCheck = 1500;
				LastUpgradeCheck = 1500;
				TargetAttributes = {
					04F434BA2B07B653002B3407 = {
						CreatedOnToolsVersion = 15.0.1;
					};
					04F434CA2B07B656002B3407 = {
						CreatedOnToolsVersion = 15.0.1;
						TestTargetID = 04F434BA2B07B653002B3407;
					};
					04F434D42B07B656002B3407 = {
						CreatedOnToolsVersion = 15.0.1;
						TestTargetID = 04F434BA2B07B653002B3407;
					};
				};
			};
			buildConfigurationList = 04F434B62B07B653002B3407 /* Build configuration list for PBXProject "CardAssignment" */;
			compatibilityVersion = "Xcode 14.0";
			developmentRegion = en;
			hasScannedForEncodings = 0;
			knownRegions = (
				en,
				Base,
			);
			mainGroup = 04F434B22B07B653002B3407;
			productRefGroup = 04F434BC2B07B653002B3407 /* Products */;
			projectDirPath = "";
			projectRoot = "";
			targets = (
				04F434BA2B07B653002B3407 /* CardAssignment */,
				04F434CA2B07B656002B3407 /* CardAssignmentTests */,
				04F434D42B07B656002B3407 /* CardAssignmentUITests */,
			);
		};
/* End PBXProject section */

/* Begin PBXResourcesBuildPhase section */
		04F434B92B07B653002B3407 /* Resources */ = {
			isa = PBXResourcesBuildPhase;
			buildActionMask = 2147483647;
			files = (
				04F434C62B07B655002B3407 /* Preview Assets.xcassets in Resources */,
				04F434C32B07B655002B3407 /* Assets.xcassets in Resources */,
				04F434EB2B07B752002B3407 /* WOT-Scryfall.json in Resources */,
			);
			runOnlyForDeploymentPostprocessing = 0;
		};
		04F434C92B07B656002B3407 /* Resources */ = {
			isa = PBXResourcesBuildPhase;
			buildActionMask = 2147483647;
			files = (
			);
			runOnlyForDeploymentPostprocessing = 0;
		};
		04F434D32B07B656002B3407 /* Resources */ = {
			isa = PBXResourcesBuildPhase;
			buildActionMask = 2147483647;
			files = (
			);
			runOnlyForDeploymentPostprocessing = 0;
		};
/* End PBXResourcesBuildPhase section */

/* Begin PBXSourcesBuildPhase section */
		04F434B72B07B653002B3407 /* Sources */ = {
			isa = PBXSourcesBuildPhase;
			buildActionMask = 2147483647;
			files = (
				04F434C12B07B653002B3407 /* ContentView.swift in Sources */,
				04F434E92B07B671002B3407 /* Card.swift in Sources */,
				04F434BF2B07B653002B3407 /* CardAssignmentApp.swift in Sources */,
			);
			runOnlyForDeploymentPostprocessing = 0;
		};
		04F434C72B07B656002B3407 /* Sources */ = {
			isa = PBXSourcesBuildPhase;
			buildActionMask = 2147483647;
			files = (
				04F434D02B07B656002B3407 /* CardAssignmentTests.swift in Sources */,
			);
			runOnlyForDeploymentPostprocessing = 0;
		};
		04F434D12B07B656002B3407 /* Sources */ = {
			isa = PBXSourcesBuildPhase;
			buildActionMask = 2147483647;
			files = (
				04F434DA2B07B656002B3407 /* CardAssignmentUITests.swift in Sources */,
				04F434DC2B07B656002B3407 /* CardAssignmentUITestsLaunchTests.swift in Sources */,
			);
			runOnlyForDeploymentPostprocessing = 0;
		};
/* End PBXSourcesBuildPhase section */

/* Begin PBXTargetDependency section */
		04F434CD2B07B656002B3407 /* PBXTargetDependency */ = {
			isa = PBXTargetDependency;
			target = 04F434BA2B07B653002B3407 /* CardAssignment */;
			targetProxy = 04F434CC2B07B656002B3407 /* PBXContainerItemProxy */;
		};
		04F434D72B07B656002B3407 /* PBXTargetDependency */ = {
			isa = PBXTargetDependency;
			target = 04F434BA2B07B653002B3407 /* CardAssignment */;
			targetProxy = 04F434D62B07B656002B3407 /* PBXContainerItemProxy */;
		};
/* End PBXTargetDependency section */

/* Begin XCBuildConfiguration section */
		04F434DD2B07B656002B3407 /* Debug */ = {
			isa = XCBuildConfiguration;
			buildSettings = {
				ALWAYS_SEARCH_USER_PATHS = NO;
				ASSETCATALOG_COMPILER_GENERATE_SWIFT_ASSET_SYMBOL_EXTENSIONS = YES;
				CLANG_ANALYZER_NONNULL = YES;
				CLANG_ANALYZER_NUMBER_OBJECT_CONVERSION = YES_AGGRESSIVE;
				CLANG_CXX_LANGUAGE_STANDARD = "gnu++20";
				CLANG_ENABLE_MODULES = YES;
				CLANG_ENABLE_OBJC_ARC = YES;
				CLANG_ENABLE_OBJC_WEAK = YES;
				CLANG_WARN_BLOCK_CAPTURE_AUTORELEASING = YES;
				CLANG_WARN_BOOL_CONVERSION = YES;
				CLANG_WARN_COMMA = YES;
				CLANG_WARN_CONSTANT_CONVERSION = YES;
				CLANG_WARN_DEPRECATED_OBJC_IMPLEMENTATIONS = YES;
				CLANG_WARN_DIRECT_OBJC_ISA_USAGE = YES_ERROR;
				CLANG_WARN_DOCUMENTATION_COMMENTS = YES;
				CLANG_WARN_EMPTY_BODY = YES;
				CLANG_WARN_ENUM_CONVERSION = YES;
				CLANG_WARN_INFINITE_RECURSION = YES;
				CLANG_WARN_INT_CONVERSION = YES;
				CLANG_WARN_NON_LITERAL_NULL_CONVERSION = YES;
				CLANG_WARN_OBJC_IMPLICIT_RETAIN_SELF = YES;
				CLANG_WARN_OBJC_LITERAL_CONVERSION = YES;
				CLANG_WARN_OBJC_ROOT_CLASS = YES_ERROR;
				CLANG_WARN_QUOTED_INCLUDE_IN_FRAMEWORK_HEADER = YES;
				CLANG_WARN_RANGE_LOOP_ANALYSIS = YES;
				CLANG_WARN_STRICT_PROTOTYPES = YES;
				CLANG_WARN_SUSPICIOUS_MOVE = YES;
				CLANG_WARN_UNGUARDED_AVAILABILITY = YES_AGGRESSIVE;
				CLANG_WARN_UNREACHABLE_CODE = YES;
				CLANG_WARN__DUPLICATE_METHOD_MATCH = YES;
				COPY_PHASE_STRIP = NO;
				DEBUG_INFORMATION_FORMAT = dwarf;
				ENABLE_STRICT_OBJC_MSGSEND = YES;
				ENABLE_TESTABILITY = YES;
				ENABLE_USER_SCRIPT_SANDBOXING = YES;
				GCC_C_LANGUAGE_STANDARD = gnu17;
				GCC_DYNAMIC_NO_PIC = NO;
				GCC_NO_COMMON_BLOCKS = YES;
				GCC_OPTIMIZATION_LEVEL = 0;
				GCC_PREPROCESSOR_DEFINITIONS = (
					"DEBUG=1",
					"$(inherited)",
				);
				GCC_WARN_64_TO_32_BIT_CONVERSION = YES;
				GCC_WARN_ABOUT_RETURN_TYPE = YES_ERROR;
				GCC_WARN_UNDECLARED_SELECTOR = YES;
				GCC_WARN_UNINITIALIZED_AUTOS = YES_AGGRESSIVE;
				GCC_WARN_UNUSED_FUNCTION = YES;
				GCC_WARN_UNUSED_VARIABLE = YES;
				IPHONEOS_DEPLOYMENT_TARGET = 17.0;
				LOCALIZATION_PREFERS_STRING_CATALOGS = YES;
				MTL_ENABLE_DEBUG_INFO = INCLUDE_SOURCE;
				MTL_FAST_MATH = YES;
				ONLY_ACTIVE_ARCH = YES;
				SDKROOT = iphoneos;
				SWIFT_ACTIVE_COMPILATION_CONDITIONS = "DEBUG $(inherited)";
				SWIFT_OPTIMIZATION_LEVEL = "-Onone";
			};
			name = Debug;
		};
		04F434DE2B07B656002B3407 /* Release */ = {
			isa = XCBuildConfiguration;
			buildSettings = {
				ALWAYS_SEARCH_USER_PATHS = NO;
				ASSETCATALOG_COMPILER_GENERATE_SWIFT_ASSET_SYMBOL_EXTENSIONS = YES;
				CLANG_ANALYZER_NONNULL = YES;
				CLANG_ANALYZER_NUMBER_OBJECT_CONVERSION = YES_AGGRESSIVE;
				CLANG_CXX_LANGUAGE_STANDARD = "gnu++20";
				CLANG_ENABLE_MODULES = YES;
				CLANG_ENABLE_OBJC_ARC = YES;
				CLANG_ENABLE_OBJC_WEAK = YES;
				CLANG_WARN_BLOCK_CAPTURE_AUTORELEASING = YES;
				CLANG_WARN_BOOL_CONVERSION = YES;
				CLANG_WARN_COMMA = YES;
				CLANG_WARN_CONSTANT_CONVERSION = YES;
				CLANG_WARN_DEPRECATED_OBJC_IMPLEMENTATIONS = YES;
				CLANG_WARN_DIRECT_OBJC_ISA_USAGE = YES_ERROR;
				CLANG_WARN_DOCUMENTATION_COMMENTS = YES;
				CLANG_WARN_EMPTY_BODY = YES;
				CLANG_WARN_ENUM_CONVERSION = YES;
				CLANG_WARN_INFINITE_RECURSION = YES;
				CLANG_WARN_INT_CONVERSION = YES;
				CLANG_WARN_NON_LITERAL_NULL_CONVERSION = YES;
				CLANG_WARN_OBJC_IMPLICIT_RETAIN_SELF = YES;
				CLANG_WARN_OBJC_LITERAL_CONVERSION = YES;
				CLANG_WARN_OBJC_ROOT_CLASS = YES_ERROR;
				CLANG_WARN_QUOTED_INCLUDE_IN_FRAMEWORK_HEADER = YES;
				CLANG_WARN_RANGE_LOOP_ANALYSIS = YES;
				CLANG_WARN_STRICT_PROTOTYPES = YES;
				CLANG_WARN_SUSPICIOUS_MOVE = YES;
				CLANG_WARN_UNGUARDED_AVAILABILITY = YES_AGGRESSIVE;
				CLANG_WARN_UNREACHABLE_CODE = YES;
				CLANG_WARN__DUPLICATE_METHOD_MATCH = YES;
				COPY_PHASE_STRIP = NO;
				DEBUG_INFORMATION_FORMAT = "dwarf-with-dsym";
				ENABLE_NS_ASSERTIONS = NO;
				ENABLE_STRICT_OBJC_MSGSEND = YES;
				ENABLE_USER_SCRIPT_SANDBOXING = YES;
				GCC_C_LANGUAGE_STANDARD = gnu17;
				GCC_NO_COMMON_BLOCKS = YES;
				GCC_WARN_64_TO_32_BIT_CONVERSION = YES;
				GCC_WARN_ABOUT_RETURN_TYPE = YES_ERROR;
				GCC_WARN_UNDECLARED_SELECTOR = YES;
				GCC_WARN_UNINITIALIZED_AUTOS = YES_AGGRESSIVE;
				GCC_WARN_UNUSED_FUNCTION = YES;
				GCC_WARN_UNUSED_VARIABLE = YES;
				IPHONEOS_DEPLOYMENT_TARGET = 17.0;
				LOCALIZATION_PREFERS_STRING_CATALOGS = YES;
				MTL_ENABLE_DEBUG_INFO = NO;
				MTL_FAST_MATH = YES;
				SDKROOT = iphoneos;
				SWIFT_COMPILATION_MODE = wholemodule;
				VALIDATE_PRODUCT = YES;
			};
			name = Release;
		};
		04F434E02B07B656002B3407 /* Debug */ = {
			isa = XCBuildConfiguration;
			buildSettings = {
				ASSETCATALOG_COMPILER_APPICON_NAME = AppIcon;
				ASSETCATALOG_COMPILER_GLOBAL_ACCENT_COLOR_NAME = AccentColor;
				CODE_SIGN_STYLE = Automatic;
				CURRENT_PROJECT_VERSION = 1;
				DEVELOPMENT_ASSET_PATHS = "\"CardAssignment/Preview Content\"";
				DEVELOPMENT_TEAM = 3JR86R49UK;
				ENABLE_PREVIEWS = YES;
				GENERATE_INFOPLIST_FILE = YES;
				INFOPLIST_KEY_UIApplicationSceneManifest_Generation = YES;
				INFOPLIST_KEY_UIApplicationSupportsIndirectInputEvents = YES;
				INFOPLIST_KEY_UILaunchScreen_Generation = YES;
				INFOPLIST_KEY_UISupportedInterfaceOrientations_iPad = "UIInterfaceOrientationPortrait UIInterfaceOrientationPortraitUpsideDown UIInterfaceOrientationLandscapeLeft UIInterfaceOrientationLandscapeRight";
				INFOPLIST_KEY_UISupportedInterfaceOrientations_iPhone = "UIInterfaceOrientationPortrait UIInterfaceOrientationLandscapeLeft UIInterfaceOrientationLandscapeRight";
				LD_RUNPATH_SEARCH_PATHS = (
					"$(inherited)",
					"@executable_path/Frameworks",
				);
				MARKETING_VERSION = 1.0;
				PRODUCT_BUNDLE_IDENTIFIER = "-.CardAssignment";
				PRODUCT_NAME = "$(TARGET_NAME)";
				SWIFT_EMIT_LOC_STRINGS = YES;
				SWIFT_VERSION = 5.0;
				TARGETED_DEVICE_FAMILY = "1,2";
			};
			name = Debug;
		};
		04F434E12B07B656002B3407 /* Release */ = {
			isa = XCBuildConfiguration;
			buildSettings = {
				ASSETCATALOG_COMPILER_APPICON_NAME = AppIcon;
				ASSETCATALOG_COMPILER_GLOBAL_ACCENT_COLOR_NAME = AccentColor;
				CODE_SIGN_STYLE = Automatic;
				CURRENT_PROJECT_VERSION = 1;
				DEVELOPMENT_ASSET_PATHS = "\"CardAssignment/Preview Content\"";
				DEVELOPMENT_TEAM = 3JR86R49UK;
				ENABLE_PREVIEWS = YES;
				GENERATE_INFOPLIST_FILE = YES;
				INFOPLIST_KEY_UIApplicationSceneManifest_Generation = YES;
				INFOPLIST_KEY_UIApplicationSupportsIndirectInputEvents = YES;
				INFOPLIST_KEY_UILaunchScreen_Generation = YES;
				INFOPLIST_KEY_UISupportedInterfaceOrientations_iPad = "UIInterfaceOrientationPortrait UIInterfaceOrientationPortraitUpsideDown UIInterfaceOrientationLandscapeLeft UIInterfaceOrientationLandscapeRight";
				INFOPLIST_KEY_UISupportedInterfaceOrientations_iPhone = "UIInterfaceOrientationPortrait UIInterfaceOrientationLandscapeLeft UIInterfaceOrientationLandscapeRight";
				LD_RUNPATH_SEARCH_PATHS = (
					"$(inherited)",
					"@executable_path/Frameworks",
				);
				MARKETING_VERSION = 1.0;
				PRODUCT_BUNDLE_IDENTIFIER = "-.CardAssignment";
				PRODUCT_NAME = "$(TARGET_NAME)";
				SWIFT_EMIT_LOC_STRINGS = YES;
				SWIFT_VERSION = 5.0;
				TARGETED_DEVICE_FAMILY = "1,2";
			};
			name = Release;
		};
		04F434E32B07B656002B3407 /* Debug */ = {
			isa = XCBuildConfiguration;
			buildSettings = {
				ALWAYS_EMBED_SWIFT_STANDARD_LIBRARIES = YES;
				BUNDLE_LOADER = "$(TEST_HOST)";
				CODE_SIGN_STYLE = Automatic;
				CURRENT_PROJECT_VERSION = 1;
				DEVELOPMENT_TEAM = 3JR86R49UK;
				GENERATE_INFOPLIST_FILE = YES;
				IPHONEOS_DEPLOYMENT_TARGET = 17.0;
				MARKETING_VERSION = 1.0;
				PRODUCT_BUNDLE_IDENTIFIER = "-.CardAssignmentTests";
				PRODUCT_NAME = "$(TARGET_NAME)";
				SWIFT_EMIT_LOC_STRINGS = NO;
				SWIFT_VERSION = 5.0;
				TARGETED_DEVICE_FAMILY = "1,2";
				TEST_HOST = "$(BUILT_PRODUCTS_DIR)/CardAssignment.app/$(BUNDLE_EXECUTABLE_FOLDER_PATH)/CardAssignment";
			};
			name = Debug;
		};
		04F434E42B07B656002B3407 /* Release */ = {
			isa = XCBuildConfiguration;
			buildSettings = {
				ALWAYS_EMBED_SWIFT_STANDARD_LIBRARIES = YES;
				BUNDLE_LOADER = "$(TEST_HOST)";
				CODE_SIGN_STYLE = Automatic;
				CURRENT_PROJECT_VERSION = 1;
				DEVELOPMENT_TEAM = 3JR86R49UK;
				GENERATE_INFOPLIST_FILE = YES;
				IPHONEOS_DEPLOYMENT_TARGET = 17.0;
				MARKETING_VERSION = 1.0;
				PRODUCT_BUNDLE_IDENTIFIER = "-.CardAssignmentTests";
				PRODUCT_NAME = "$(TARGET_NAME)";
				SWIFT_EMIT_LOC_STRINGS = NO;
				SWIFT_VERSION = 5.0;
				TARGETED_DEVICE_FAMILY = "1,2";
				TEST_HOST = "$(BUILT_PRODUCTS_DIR)/CardAssignment.app/$(BUNDLE_EXECUTABLE_FOLDER_PATH)/CardAssignment";
			};
			name = Release;
		};
		04F434E62B07B656002B3407 /* Debug */ = {
			isa = XCBuildConfiguration;
			buildSettings = {
				ALWAYS_EMBED_SWIFT_STANDARD_LIBRARIES = YES;
				CODE_SIGN_STYLE = Automatic;
				CURRENT_PROJECT_VERSION = 1;
				DEVELOPMENT_TEAM = 3JR86R49UK;
				GENERATE_INFOPLIST_FILE = YES;
				MARKETING_VERSION = 1.0;
				PRODUCT_BUNDLE_IDENTIFIER = "-.CardAssignmentUITests";
				PRODUCT_NAME = "$(TARGET_NAME)";
				SWIFT_EMIT_LOC_STRINGS = NO;
				SWIFT_VERSION = 5.0;
				TARGETED_DEVICE_FAMILY = "1,2";
				TEST_TARGET_NAME = CardAssignment;
			};
			name = Debug;
		};
		04F434E72B07B656002B3407 /* Release */ = {
			isa = XCBuildConfiguration;
			buildSettings = {
				ALWAYS_EMBED_SWIFT_STANDARD_LIBRARIES = YES;
				CODE_SIGN_STYLE = Automatic;
				CURRENT_PROJECT_VERSION = 1;
				DEVELOPMENT_TEAM = 3JR86R49UK;
				GENERATE_INFOPLIST_FILE = YES;
				MARKETING_VERSION = 1.0;
				PRODUCT_BUNDLE_IDENTIFIER = "-.CardAssignmentUITests";
				PRODUCT_NAME = "$(TARGET_NAME)";
				SWIFT_EMIT_LOC_STRINGS = NO;
				SWIFT_VERSION = 5.0;
				TARGETED_DEVICE_FAMILY = "1,2";
				TEST_TARGET_NAME = CardAssignment;
			};
			name = Release;
		};
/* End XCBuildConfiguration section */

/* Begin XCConfigurationList section */
		04F434B62B07B653002B3407 /* Build configuration list for PBXProject "CardAssignment" */ = {
			isa = XCConfigurationList;
			buildConfigurations = (
				04F434DD2B07B656002B3407 /* Debug */,
				04F434DE2B07B656002B3407 /* Release */,
			);
			defaultConfigurationIsVisible = 0;
			defaultConfigurationName = Release;
		};
		04F434DF2B07B656002B3407 /* Build configuration list for PBXNativeTarget "CardAssignment" */ = {
			isa = XCConfigurationList;
			buildConfigurations = (
				04F434E02B07B656002B3407 /* Debug */,
				04F434E12B07B656002B3407 /* Release */,
			);
			defaultConfigurationIsVisible = 0;
			defaultConfigurationName = Release;
		};
		04F434E22B07B656002B3407 /* Build configuration list for PBXNativeTarget "CardAssignmentTests" */ = {
			isa = XCConfigurationList;
			buildConfigurations = (
				04F434E32B07B656002B3407 /* Debug */,
				04F434E42B07B656002B3407 /* Release */,
			);
			defaultConfigurationIsVisible = 0;
			defaultConfigurationName = Release;
		};
		04F434E52B07B656002B3407 /* Build configuration list for PBXNativeTarget "CardAssignmentUITests" */ = {
			isa = XCConfigurationList;
			buildConfigurations = (
				04F434E62B07B656002B3407 /* Debug */,
				04F434E72B07B656002B3407 /* Release */,
			);
			defaultConfigurationIsVisible = 0;
			defaultConfigurationName = Release;
		};
/* End XCConfigurationList section */
	};
	rootObject = 04F434B32B07B653002B3407 /* Project object */;
}
